
Microsoft Visual Studio Solution File, Format Version 12.00
# Visual Studio Version 16
VisualStudioVersion = 16.0.28803.156
MinimumVisualStudioVersion = 10.0.40219.1
Project("{FAE04EC0-301F-11D3-BF4B-00C04F79EFBC}") = "FreeAntibiotics1", "FreeAntibiotics1\FreeAntibiotics1.csproj", "{77267C5A-5E97-41B7-AA4E-92C48625675C}"
EndProject
Global
	GlobalSection(SolutionConfigurationPlatforms) = preSolution
		Debug|Any CPU = Debug|Any CPU
		Release|Any CPU = Release|Any CPU
	EndGlobalSection
	GlobalSection(ProjectConfigurationPlatforms) = postSolution
		{77267C5A-5E97-41B7-AA4E-92C48625675C}.Debug|Any CPU.ActiveCfg = Debug|Any CPU
		{77267C5A-5E97-41B7-AA4E-92C48625675C}.Debug|Any CPU.Build.0 = Debug|Any CPU
		{77267C5A-5E97-41B7-AA4E-92C48625675C}.Release|Any CPU.ActiveCfg = Release|Any CPU
		{77267C5A-5E97-41B7-AA4E-92C48625675C}.Release|Any CPU.Build.0 = Release|Any CPU
	EndGlobalSection
	GlobalSection(SolutionProperties) = preSolution
		HideSolutionNode = FALSE
	EndGlobalSection
	GlobalSection(ExtensibilityGlobals) = postSolution
		SolutionGuid = {5E58CBB6-88D2-4F21-AC8D-8A2F630F5D7B}
	EndGlobalSection
EndGlobal
