
Microsoft Visual Studio Solution File, Format Version 12.00
# Visual Studio Version 16
VisualStudioVersion = 16.0.28803.156
MinimumVisualStudioVersion = 10.0.40219.1
Project("{FAE04EC0-301F-11D3-BF4B-00C04F79EFBC}") = "ConsoleApp1", "ConsoleApp1\ConsoleApp1.csproj", "{AF17F883-5457-4303-A281-A74C24233F75}"
EndProject
Global
	GlobalSection(SolutionConfigurationPlatforms) = preSolution
		Debug|Any CPU = Debug|Any CPU
		Release|Any CPU = Release|Any CPU
	EndGlobalSection
	GlobalSection(ProjectConfigurationPlatforms) = postSolution
		{AF17F883-5457-4303-A281-A74C24233F75}.Debug|Any CPU.ActiveCfg = Debug|Any CPU
		{AF17F883-5457-4303-A281-A74C24233F75}.Debug|Any CPU.Build.0 = Debug|Any CPU
		{AF17F883-5457-4303-A281-A74C24233F75}.Release|Any CPU.ActiveCfg = Release|Any CPU
		{AF17F883-5457-4303-A281-A74C24233F75}.Release|Any CPU.Build.0 = Release|Any CPU
	EndGlobalSection
	GlobalSection(SolutionProperties) = preSolution
		HideSolutionNode = FALSE
	EndGlobalSection
	GlobalSection(ExtensibilityGlobals) = postSolution
		SolutionGuid = {31329C69-C1B8-46AA-B77B-70C7F8981E7C}
	EndGlobalSection
EndGlobal
